// !$*UTF8*$!
{
	archiveVersion = 1;
	classes = {
	};
	objectVersion = 46;
	objects = {

/* Begin PBXBuildFile section */
		9DFE36251EC5437A004C7187 /* AppDelegate.swift in Sources */ = {isa = PBXBuildFile; fileRef = 9DFE36241EC5437A004C7187 /* AppDelegate.swift */; };
		9DFE36271EC5437A004C7187 /* ViewController.swift in Sources */ = {isa = PBXBuildFile; fileRef = 9DFE36261EC5437A004C7187 /* ViewController.swift */; };
		9DFE362A1EC5437A004C7187 /* Main.storyboard in Resources */ = {isa = PBXBuildFile; fileRef = 9DFE36281EC5437A004C7187 /* Main.storyboard */; };
		9DFE362C1EC5437A004C7187 /* Assets.xcassets in Resources */ = {isa = PBXBuildFile; fileRef = 9DFE362B1EC5437A004C7187 /* Assets.xcassets */; };
		9DFE362F1EC5437A004C7187 /* LaunchScreen.storyboard in Resources */ = {isa = PBXBuildFile; fileRef = 9DFE362D1EC5437A004C7187 /* LaunchScreen.storyboard */; };
		9DFE363A1EC5437A004C7187 /* emojiTornadoTests.swift in Sources */ = {isa = PBXBuildFile; fileRef = 9DFE36391EC5437A004C7187 /* emojiTornadoTests.swift */; };
		9DFE36451EC5437A004C7187 /* emojiTornadoUITests.swift in Sources */ = {isa = PBXBuildFile; fileRef = 9DFE36441EC5437A004C7187 /* emojiTornadoUITests.swift */; };
/* End PBXBuildFile section */

/* Begin PBXContainerItemProxy section */
		9DFE36361EC5437A004C7187 /* PBXContainerItemProxy */ = {
			isa = PBXContainerItemProxy;
			containerPortal = 9DFE36191EC54379004C7187 /* Project object */;
			proxyType = 1;
			remoteGlobalIDString = 9DFE36201EC54379004C7187;
			remoteInfo = emojiTornado;
		};
		9DFE36411EC5437A004C7187 /* PBXContainerItemProxy */ = {
			isa = PBXContainerItemProxy;
			containerPortal = 9DFE36191EC54379004C7187 /* Project object */;
			proxyType = 1;
			remoteGlobalIDString = 9DFE36201EC54379004C7187;
			remoteInfo = emojiTornado;
		};
/* End PBXContainerItemProxy section */

/* Begin PBXFileReference section */
		9DFE36211EC5437A004C7187 /* emojiTornado.app */ = {isa = PBXFileReference; explicitFileType = wrapper.application; includeInIndex = 0; path = emojiTornado.app; sourceTree = BUILT_PRODUCTS_DIR; };
		9DFE36241EC5437A004C7187 /* AppDelegate.swift */ = {isa = PBXFileReference; lastKnownFileType = sourcecode.swift; path = AppDelegate.swift; sourceTree = "<group>"; };
		9DFE36261EC5437A004C7187 /* ViewController.swift */ = {isa = PBXFileReference; lastKnownFileType = sourcecode.swift; path = ViewController.swift; sourceTree = "<group>"; };
		9DFE36291EC5437A004C7187 /* Base */ = {isa = PBXFileReference; lastKnownFileType = file.storyboard; name = Base; path = Base.lproj/Main.storyboard; sourceTree = "<group>"; };
		9DFE362B1EC5437A004C7187 /* Assets.xcassets */ = {isa = PBXFileReference; lastKnownFileType = folder.assetcatalog; path = Assets.xcassets; sourceTree = "<group>"; };
		9DFE362E1EC5437A004C7187 /* Base */ = {isa = PBXFileReference; lastKnownFileType = file.storyboard; name = Base; path = Base.lproj/LaunchScreen.storyboard; sourceTree = "<group>"; };
		9DFE36301EC5437A004C7187 /* Info.plist */ = {isa = PBXFileReference; lastKnownFileType = text.plist.xml; path = Info.plist; sourceTree = "<group>"; };
		9DFE36351EC5437A004C7187 /* emojiTornadoTests.xctest */ = {isa = PBXFileReference; explicitFileType = wrapper.cfbundle; includeInIndex = 0; path = emojiTornadoTests.xctest; sourceTree = BUILT_PRODUCTS_DIR; };
		9DFE36391EC5437A004C7187 /* emojiTornadoTests.swift */ = {isa = PBXFileReference; lastKnownFileType = sourcecode.swift; path = emojiTornadoTests.swift; sourceTree = "<group>"; };
		9DFE363B1EC5437A004C7187 /* Info.plist */ = {isa = PBXFileReference; lastKnownFileType = text.plist.xml; path = Info.plist; sourceTree = "<group>"; };
		9DFE36401EC5437A004C7187 /* emojiTornadoUITests.xctest */ = {isa = PBXFileReference; explicitFileType = wrapper.cfbundle; includeInIndex = 0; path = emojiTornadoUITests.xctest; sourceTree = BUILT_PRODUCTS_DIR; };
		9DFE36441EC5437A004C7187 /* emojiTornadoUITests.swift */ = {isa = PBXFileReference; lastKnownFileType = sourcecode.swift; path = emojiTornadoUITests.swift; sourceTree = "<group>"; };
		9DFE36461EC5437A004C7187 /* Info.plist */ = {isa = PBXFileReference; lastKnownFileType = text.plist.xml; path = Info.plist; sourceTree = "<group>"; };
/* End PBXFileReference section */

/* Begin PBXFrameworksBuildPhase section */
		9DFE361E1EC54379004C7187 /* Frameworks */ = {
			isa = PBXFrameworksBuildPhase;
			buildActionMask = 2147483647;
			files = (
			);
			runOnlyForDeploymentPostprocessing = 0;
		};
		9DFE36321EC5437A004C7187 /* Frameworks */ = {
			isa = PBXFrameworksBuildPhase;
			buildActionMask = 2147483647;
			files = (
			);
			runOnlyForDeploymentPostprocessing = 0;
		};
		9DFE363D1EC5437A004C7187 /* Frameworks */ = {
			isa = PBXFrameworksBuildPhase;
			buildActionMask = 2147483647;
			files = (
			);
			runOnlyForDeploymentPostprocessing = 0;
		};
/* End PBXFrameworksBuildPhase section */

/* Begin PBXGroup section */
		9DFE36181EC54379004C7187 = {
			isa = PBXGroup;
			children = (
				9DFE36231EC5437A004C7187 /* emojiTornado */,
				9DFE36381EC5437A004C7187 /* emojiTornadoTests */,
				9DFE36431EC5437A004C7187 /* emojiTornadoUITests */,
				9DFE36221EC5437A004C7187 /* Products */,
			);
			sourceTree = "<group>";
		};
		9DFE36221EC5437A004C7187 /* Products */ = {
			isa = PBXGroup;
			children = (
				9DFE36211EC5437A004C7187 /* emojiTornado.app */,
				9DFE36351EC5437A004C7187 /* emojiTornadoTests.xctest */,
				9DFE36401EC5437A004C7187 /* emojiTornadoUITests.xctest */,
			);
			name = Products;
			sourceTree = "<group>";
		};
		9DFE36231EC5437A004C7187 /* emojiTornado */ = {
			isa = PBXGroup;
			children = (
				9DFE36241EC5437A004C7187 /* AppDelegate.swift */,
				9DFE36261EC5437A004C7187 /* ViewController.swift */,
				9DFE36281EC5437A004C7187 /* Main.storyboard */,
				9DFE362B1EC5437A004C7187 /* Assets.xcassets */,
				9DFE362D1EC5437A004C7187 /* LaunchScreen.storyboard */,
				9DFE36301EC5437A004C7187 /* Info.plist */,
			);
			path = emojiTornado;
			sourceTree = "<group>";
		};
		9DFE36381EC5437A004C7187 /* emojiTornadoTests */ = {
			isa = PBXGroup;
			children = (
				9DFE36391EC5437A004C7187 /* emojiTornadoTests.swift */,
				9DFE363B1EC5437A004C7187 /* Info.plist */,
			);
			path = emojiTornadoTests;
			sourceTree = "<group>";
		};
		9DFE36431EC5437A004C7187 /* emojiTornadoUITests */ = {
			isa = PBXGroup;
			children = (
				9DFE36441EC5437A004C7187 /* emojiTornadoUITests.swift */,
				9DFE36461EC5437A004C7187 /* Info.plist */,
			);
			path = emojiTornadoUITests;
			sourceTree = "<group>";
		};
/* End PBXGroup section */

/* Begin PBXNativeTarget section */
		9DFE36201EC54379004C7187 /* emojiTornado */ = {
			isa = PBXNativeTarget;
			buildConfigurationList = 9DFE36491EC5437A004C7187 /* Build configuration list for PBXNativeTarget "emojiTornado" */;
			buildPhases = (
				9DFE361D1EC54379004C7187 /* Sources */,
				9DFE361E1EC54379004C7187 /* Frameworks */,
				9DFE361F1EC54379004C7187 /* Resources */,
			);
			buildRules = (
			);
			dependencies = (
			);
			name = emojiTornado;
			productName = emojiTornado;
			productReference = 9DFE36211EC5437A004C7187 /* emojiTornado.app */;
			productType = "com.apple.product-type.application";
		};
		9DFE36341EC5437A004C7187 /* emojiTornadoTests */ = {
			isa = PBXNativeTarget;
			buildConfigurationList = 9DFE364C1EC5437A004C7187 /* Build configuration list for PBXNativeTarget "emojiTornadoTests" */;
			buildPhases = (
				9DFE36311EC5437A004C7187 /* Sources */,
				9DFE36321EC5437A004C7187 /* Frameworks */,
				9DFE36331EC5437A004C7187 /* Resources */,
			);
			buildRules = (
			);
			dependencies = (
				9DFE36371EC5437A004C7187 /* PBXTargetDependency */,
			);
			name = emojiTornadoTests;
			productName = emojiTornadoTests;
			productReference = 9DFE36351EC5437A004C7187 /* emojiTornadoTests.xctest */;
			productType = "com.apple.product-type.bundle.unit-test";
		};
		9DFE363F1EC5437A004C7187 /* emojiTornadoUITests */ = {
			isa = PBXNativeTarget;
			buildConfigurationList = 9DFE364F1EC5437A004C7187 /* Build configuration list for PBXNativeTarget "emojiTornadoUITests" */;
			buildPhases = (
				9DFE363C1EC5437A004C7187 /* Sources */,
				9DFE363D1EC5437A004C7187 /* Frameworks */,
				9DFE363E1EC5437A004C7187 /* Resources */,
			);
			buildRules = (
			);
			dependencies = (
				9DFE36421EC5437A004C7187 /* PBXTargetDependency */,
			);
			name = emojiTornadoUITests;
			productName = emojiTornadoUITests;
			productReference = 9DFE36401EC5437A004C7187 /* emojiTornadoUITests.xctest */;
			productType = "com.apple.product-type.bundle.ui-testing";
		};
/* End PBXNativeTarget section */

/* Begin PBXProject section */
		9DFE36191EC54379004C7187 /* Project object */ = {
			isa = PBXProject;
			attributes = {
				LastSwiftUpdateCheck = 0830;
				LastUpgradeCheck = 0830;
				ORGANIZATIONNAME = iGuest;
				TargetAttributes = {
					9DFE36201EC54379004C7187 = {
						CreatedOnToolsVersion = 8.3;
						ProvisioningStyle = Automatic;
					};
					9DFE36341EC5437A004C7187 = {
						CreatedOnToolsVersion = 8.3;
						ProvisioningStyle = Automatic;
						TestTargetID = 9DFE36201EC54379004C7187;
					};
					9DFE363F1EC5437A004C7187 = {
						CreatedOnToolsVersion = 8.3;
						ProvisioningStyle = Automatic;
						TestTargetID = 9DFE36201EC54379004C7187;
					};
				};
			};
			buildConfigurationList = 9DFE361C1EC54379004C7187 /* Build configuration list for PBXProject "emojiTornado" */;
			compatibilityVersion = "Xcode 3.2";
			developmentRegion = English;
			hasScannedForEncodings = 0;
			knownRegions = (
				en,
				Base,
			);
			mainGroup = 9DFE36181EC54379004C7187;
			productRefGroup = 9DFE36221EC5437A004C7187 /* Products */;
			projectDirPath = "";
			projectRoot = "";
			targets = (
				9DFE36201EC54379004C7187 /* emojiTornado */,
				9DFE36341EC5437A004C7187 /* emojiTornadoTests */,
				9DFE363F1EC5437A004C7187 /* emojiTornadoUITests */,
			);
		};
/* End PBXProject section */

/* Begin PBXResourcesBuildPhase section */
		9DFE361F1EC54379004C7187 /* Resources */ = {
			isa = PBXResourcesBuildPhase;
			buildActionMask = 2147483647;
			files = (
				9DFE362F1EC5437A004C7187 /* LaunchScreen.storyboard in Resources */,
				9DFE362C1EC5437A004C7187 /* Assets.xcassets in Resources */,
				9DFE362A1EC5437A004C7187 /* Main.storyboard in Resources */,
			);
			runOnlyForDeploymentPostprocessing = 0;
		};
		9DFE36331EC5437A004C7187 /* Resources */ = {
			isa = PBXResourcesBuildPhase;
			buildActionMask = 2147483647;
			files = (
			);
			runOnlyForDeploymentPostprocessing = 0;
		};
		9DFE363E1EC5437A004C7187 /* Resources */ = {
			isa = PBXResourcesBuildPhase;
			buildActionMask = 2147483647;
			files = (
			);
			runOnlyForDeploymentPostprocessing = 0;
		};
/* End PBXResourcesBuildPhase section */

/* Begin PBXSourcesBuildPhase section */
		9DFE361D1EC54379004C7187 /* Sources */ = {
			isa = PBXSourcesBuildPhase;
			buildActionMask = 2147483647;
			files = (
				9DFE36271EC5437A004C7187 /* ViewController.swift in Sources */,
				9DFE36251EC5437A004C7187 /* AppDelegate.swift in Sources */,
			);
			runOnlyForDeploymentPostprocessing = 0;
		};
		9DFE36311EC5437A004C7187 /* Sources */ = {
			isa = PBXSourcesBuildPhase;
			buildActionMask = 2147483647;
			files = (
				9DFE363A1EC5437A004C7187 /* emojiTornadoTests.swift in Sources */,
			);
			runOnlyForDeploymentPostprocessing = 0;
		};
		9DFE363C1EC5437A004C7187 /* Sources */ = {
			isa = PBXSourcesBuildPhase;
			buildActionMask = 2147483647;
			files = (
				9DFE36451EC5437A004C7187 /* emojiTornadoUITests.swift in Sources */,
			);
			runOnlyForDeploymentPostprocessing = 0;
		};
/* End PBXSourcesBuildPhase section */

/* Begin PBXTargetDependency section */
		9DFE36371EC5437A004C7187 /* PBXTargetDependency */ = {
			isa = PBXTargetDependency;
			target = 9DFE36201EC54379004C7187 /* emojiTornado */;
			targetProxy = 9DFE36361EC5437A004C7187 /* PBXContainerItemProxy */;
		};
		9DFE36421EC5437A004C7187 /* PBXTargetDependency */ = {
			isa = PBXTargetDependency;
			target = 9DFE36201EC54379004C7187 /* emojiTornado */;
			targetProxy = 9DFE36411EC5437A004C7187 /* PBXContainerItemProxy */;
		};
/* End PBXTargetDependency section */

/* Begin PBXVariantGroup section */
		9DFE36281EC5437A004C7187 /* Main.storyboard */ = {
			isa = PBXVariantGroup;
			children = (
				9DFE36291EC5437A004C7187 /* Base */,
			);
			name = Main.storyboard;
			sourceTree = "<group>";
		};
		9DFE362D1EC5437A004C7187 /* LaunchScreen.storyboard */ = {
			isa = PBXVariantGroup;
			children = (
				9DFE362E1EC5437A004C7187 /* Base */,
			);
			name = LaunchScreen.storyboard;
			sourceTree = "<group>";
		};
/* End PBXVariantGroup section */

/* Begin XCBuildConfiguration section */
		9DFE36471EC5437A004C7187 /* Debug */ = {
			isa = XCBuildConfiguration;
			buildSettings = {
				ALWAYS_SEARCH_USER_PATHS = NO;
				CLANG_ANALYZER_NONNULL = YES;
				CLANG_ANALYZER_NUMBER_OBJECT_CONVERSION = YES_AGGRESSIVE;
				CLANG_CXX_LANGUAGE_STANDARD = "gnu++0x";
				CLANG_CXX_LIBRARY = "libc++";
				CLANG_ENABLE_MODULES = YES;
				CLANG_ENABLE_OBJC_ARC = YES;
				CLANG_WARN_BOOL_CONVERSION = YES;
				CLANG_WARN_CONSTANT_CONVERSION = YES;
				CLANG_WARN_DIRECT_OBJC_ISA_USAGE = YES_ERROR;
				CLANG_WARN_DOCUMENTATION_COMMENTS = YES;
				CLANG_WARN_EMPTY_BODY = YES;
				CLANG_WARN_ENUM_CONVERSION = YES;
				CLANG_WARN_INFINITE_RECURSION = YES;
				CLANG_WARN_INT_CONVERSION = YES;
				CLANG_WARN_OBJC_ROOT_CLASS = YES_ERROR;
				CLANG_WARN_SUSPICIOUS_MOVE = YES;
				CLANG_WARN_UNREACHABLE_CODE = YES;
				CLANG_WARN__DUPLICATE_METHOD_MATCH = YES;
				"CODE_SIGN_IDENTITY[sdk=iphoneos*]" = "iPhone Developer";
				COPY_PHASE_STRIP = NO;
				DEBUG_INFORMATION_FORMAT = dwarf;
				ENABLE_STRICT_OBJC_MSGSEND = YES;
				ENABLE_TESTABILITY = YES;
				GCC_C_LANGUAGE_STANDARD = gnu99;
				GCC_DYNAMIC_NO_PIC = NO;
				GCC_NO_COMMON_BLOCKS = YES;
				GCC_OPTIMIZATION_LEVEL = 0;
				GCC_PREPROCESSOR_DEFINITIONS = (
					"DEBUG=1",
					"$(inherited)",
				);
				GCC_WARN_64_TO_32_BIT_CONVERSION = YES;
				GCC_WARN_ABOUT_RETURN_TYPE = YES_ERROR;
				GCC_WARN_UNDECLARED_SELECTOR = YES;
				GCC_WARN_UNINITIALIZED_AUTOS = YES_AGGRESSIVE;
				GCC_WARN_UNUSED_FUNCTION = YES;
				GCC_WARN_UNUSED_VARIABLE = YES;
				IPHONEOS_DEPLOYMENT_TARGET = 10.3;
				MTL_ENABLE_DEBUG_INFO = YES;
				ONLY_ACTIVE_ARCH = YES;
				SDKROOT = iphoneos;
				SWIFT_ACTIVE_COMPILATION_CONDITIONS = DEBUG;
				SWIFT_OPTIMIZATION_LEVEL = "-Onone";
				TARGETED_DEVICE_FAMILY = "1,2";
			};
			name = Debug;
		};
		9DFE36481EC5437A004C7187 /* Release */ = {
			isa = XCBuildConfiguration;
			buildSettings = {
				ALWAYS_SEARCH_USER_PATHS = NO;
				CLANG_ANALYZER_NONNULL = YES;
				CLANG_ANALYZER_NUMBER_OBJECT_CONVERSION = YES_AGGRESSIVE;
				CLANG_CXX_LANGUAGE_STANDARD = "gnu++0x";
				CLANG_CXX_LIBRARY = "libc++";
				CLANG_ENABLE_MODULES = YES;
				CLANG_ENABLE_OBJC_ARC = YES;
				CLANG_WARN_BOOL_CONVERSION = YES;
				CLANG_WARN_CONSTANT_CONVERSION = YES;
				CLANG_WARN_DIRECT_OBJC_ISA_USAGE = YES_ERROR;
				CLANG_WARN_DOCUMENTATION_COMMENTS = YES;
				CLANG_WARN_EMPTY_BODY = YES;
				CLANG_WARN_ENUM_CONVERSION = YES;
				CLANG_WARN_INFINITE_RECURSION = YES;
				CLANG_WARN_INT_CONVERSION = YES;
				CLANG_WARN_OBJC_ROOT_CLASS = YES_ERROR;
				CLANG_WARN_SUSPICIOUS_MOVE = YES;
				CLANG_WARN_UNREACHABLE_CODE = YES;
				CLANG_WARN__DUPLICATE_METHOD_MATCH = YES;
				"CODE_SIGN_IDENTITY[sdk=iphoneos*]" = "iPhone Developer";
				COPY_PHASE_STRIP = NO;
				DEBUG_INFORMATION_FORMAT = "dwarf-with-dsym";
				ENABLE_NS_ASSERTIONS = NO;
				ENABLE_STRICT_OBJC_MSGSEND = YES;
				GCC_C_LANGUAGE_STANDARD = gnu99;
				GCC_NO_COMMON_BLOCKS = YES;
				GCC_WARN_64_TO_32_BIT_CONVERSION = YES;
				GCC_WARN_ABOUT_RETURN_TYPE = YES_ERROR;
				GCC_WARN_UNDECLARED_SELECTOR = YES;
				GCC_WARN_UNINITIALIZED_AUTOS = YES_AGGRESSIVE;
				GCC_WARN_UNUSED_FUNCTION = YES;
				GCC_WARN_UNUSED_VARIABLE = YES;
				IPHONEOS_DEPLOYMENT_TARGET = 10.3;
				MTL_ENABLE_DEBUG_INFO = NO;
				SDKROOT = iphoneos;
				SWIFT_OPTIMIZATION_LEVEL = "-Owholemodule";
				TARGETED_DEVICE_FAMILY = "1,2";
				VALIDATE_PRODUCT = YES;
			};
			name = Release;
		};
		9DFE364A1EC5437A004C7187 /* Debug */ = {
			isa = XCBuildConfiguration;
			buildSettings = {
				ASSETCATALOG_COMPILER_APPICON_NAME = AppIcon;
				INFOPLIST_FILE = emojiTornado/Info.plist;
				LD_RUNPATH_SEARCH_PATHS = "$(inherited) @executable_path/Frameworks";
				PRODUCT_BUNDLE_IDENTIFIER = com.chrisli.emojiTornado;
				PRODUCT_NAME = "$(TARGET_NAME)";
				SWIFT_VERSION = 3.0;
			};
			name = Debug;
		};
		9DFE364B1EC5437A004C7187 /* Release */ = {
			isa = XCBuildConfiguration;
			buildSettings = {
				ASSETCATALOG_COMPILER_APPICON_NAME = AppIcon;
				INFOPLIST_FILE = emojiTornado/Info.plist;
				LD_RUNPATH_SEARCH_PATHS = "$(inherited) @executable_path/Frameworks";
				PRODUCT_BUNDLE_IDENTIFIER = com.chrisli.emojiTornado;
				PRODUCT_NAME = "$(TARGET_NAME)";
				SWIFT_VERSION = 3.0;
			};
			name = Release;
		};
		9DFE364D1EC5437A004C7187 /* Debug */ = {
			isa = XCBuildConfiguration;
			buildSettings = {
				ALWAYS_EMBED_SWIFT_STANDARD_LIBRARIES = YES;
				BUNDLE_LOADER = "$(TEST_HOST)";
				INFOPLIST_FILE = emojiTornadoTests/Info.plist;
				LD_RUNPATH_SEARCH_PATHS = "$(inherited) @executable_path/Frameworks @loader_path/Frameworks";
				PRODUCT_BUNDLE_IDENTIFIER = com.chrisli.emojiTornadoTests;
				PRODUCT_NAME = "$(TARGET_NAME)";
				SWIFT_VERSION = 3.0;
				TEST_HOST = "$(BUILT_PRODUCTS_DIR)/emojiTornado.app/emojiTornado";
			};
			name = Debug;
		};
		9DFE364E1EC5437A004C7187 /* Release */ = {
			isa = XCBuildConfiguration;
			buildSettings = {
				ALWAYS_EMBED_SWIFT_STANDARD_LIBRARIES = YES;
				BUNDLE_LOADER = "$(TEST_HOST)";
				INFOPLIST_FILE = emojiTornadoTests/Info.plist;
				LD_RUNPATH_SEARCH_PATHS = "$(inherited) @executable_path/Frameworks @loader_path/Frameworks";
				PRODUCT_BUNDLE_IDENTIFIER = com.chrisli.emojiTornadoTests;
				PRODUCT_NAME = "$(TARGET_NAME)";
				SWIFT_VERSION = 3.0;
				TEST_HOST = "$(BUILT_PRODUCTS_DIR)/emojiTornado.app/emojiTornado";
			};
			name = Release;
		};
		9DFE36501EC5437A004C7187 /* Debug */ = {
			isa = XCBuildConfiguration;
			buildSettings = {
				ALWAYS_EMBED_SWIFT_STANDARD_LIBRARIES = YES;
				INFOPLIST_FILE = emojiTornadoUITests/Info.plist;
				LD_RUNPATH_SEARCH_PATHS = "$(inherited) @executable_path/Frameworks @loader_path/Frameworks";
				PRODUCT_BUNDLE_IDENTIFIER = com.chrisli.emojiTornadoUITests;
				PRODUCT_NAME = "$(TARGET_NAME)";
				SWIFT_VERSION = 3.0;
				TEST_TARGET_NAME = emojiTornado;
			};
			name = Debug;
		};
		9DFE36511EC5437A004C7187 /* Release */ = {
			isa = XCBuildConfiguration;
			buildSettings = {
				ALWAYS_EMBED_SWIFT_STANDARD_LIBRARIES = YES;
				INFOPLIST_FILE = emojiTornadoUITests/Info.plist;
				LD_RUNPATH_SEARCH_PATHS = "$(inherited) @executable_path/Frameworks @loader_path/Frameworks";
				PRODUCT_BUNDLE_IDENTIFIER = com.chrisli.emojiTornadoUITests;
				PRODUCT_NAME = "$(TARGET_NAME)";
				SWIFT_VERSION = 3.0;
				TEST_TARGET_NAME = emojiTornado;
			};
			name = Release;
		};
/* End XCBuildConfiguration section */

/* Begin XCConfigurationList section */
		9DFE361C1EC54379004C7187 /* Build configuration list for PBXProject "emojiTornado" */ = {
			isa = XCConfigurationList;
			buildConfigurations = (
				9DFE36471EC5437A004C7187 /* Debug */,
				9DFE36481EC5437A004C7187 /* Release */,
			);
			defaultConfigurationIsVisible = 0;
			defaultConfigurationName = Release;
		};
		9DFE36491EC5437A004C7187 /* Build configuration list for PBXNativeTarget "emojiTornado" */ = {
			isa = XCConfigurationList;
			buildConfigurations = (
				9DFE364A1EC5437A004C7187 /* Debug */,
				9DFE364B1EC5437A004C7187 /* Release */,
			);
			defaultConfigurationIsVisible = 0;
		};
		9DFE364C1EC5437A004C7187 /* Build configuration list for PBXNativeTarget "emojiTornadoTests" */ = {
			isa = XCConfigurationList;
			buildConfigurations = (
				9DFE364D1EC5437A004C7187 /* Debug */,
				9DFE364E1EC5437A004C7187 /* Release */,
			);
			defaultConfigurationIsVisible = 0;
		};
		9DFE364F1EC5437A004C7187 /* Build configuration list for PBXNativeTarget "emojiTornadoUITests" */ = {
			isa = XCConfigurationList;
			buildConfigurations = (
				9DFE36501EC5437A004C7187 /* Debug */,
				9DFE36511EC5437A004C7187 /* Release */,
			);
			defaultConfigurationIsVisible = 0;
		};
/* End XCConfigurationList section */
	};
	rootObject = 9DFE36191EC54379004C7187 /* Project object */;
}
